// !$*UTF8*$!
{
	archiveVersion = 1;
	classes = {
	};
	objectVersion = 77;
	objects = {

/* Begin PBXBuildFile section */
		61296DA877759088C7091D55 /* Pods_GoFit_Ai___live_HealthyUITests.framework in Frameworks */ = {isa = PBXBuildFile; fileRef = CC9DF8308AF5BF2C748183B9 /* Pods_GoFit_Ai___live_HealthyUITests.framework */; };
		8D7C4900ED9B4E774F35F67C /* Pods_GoFit_Ai___live_HealthyTests.framework in Frameworks */ = {isa = PBXBuildFile; fileRef = DD7B91FC6DDD71F5E4601130 /* Pods_GoFit_Ai___live_HealthyTests.framework */; };
		B22104E42F20F580002672E4 /* StoreKit.framework in Frameworks */ = {isa = PBXBuildFile; fileRef = B24022212EED789700CDE033 /* StoreKit.framework */; };
		B22104E72F20F582002672E4 /* HealthKit.framework in Frameworks */ = {isa = PBXBuildFile; fileRef = B27DDA162EEF07D70047CE53 /* HealthKit.framework */; };
		B22104E92F20F583002672E4 /* WatchConnectivity.framework in Frameworks */ = {isa = PBXBuildFile; fileRef = B2F86E432EED7C1E009F03C0 /* WatchConnectivity.framework */; };
		C10000092F79A009009D604B /* GoFitWidget.appex in Embed Foundation Extensions */ = {isa = PBXBuildFile; fileRef = C10000012F79A001009D604B /* GoFitWidget.appex */; settings = {ATTRIBUTES = (RemoveHeadersOnCopy, ); }; };
		E444B408C4ADFF9499692C35 /* Pods_GoFit_Ai___live_Healthy.framework in Frameworks */ = {isa = PBXBuildFile; fileRef = 1637FDAE222B7A767655021E /* Pods_GoFit_Ai___live_Healthy.framework */; };
/* End PBXBuildFile section */

/* Begin PBXContainerItemProxy section */
		B2484AA22EEC79A7009D604B /* PBXContainerItemProxy */ = {
			isa = PBXContainerItemProxy;
			containerPortal = B2484A852EEC79A2009D604B /* Project object */;
			proxyType = 1;
			remoteGlobalIDString = B2484A8C2EEC79A2009D604B;
			remoteInfo = "GoFit.Ai - live Healthy";
		};
		B2484AAC2EEC79A7009D604B /* PBXContainerItemProxy */ = {
			isa = PBXContainerItemProxy;
			containerPortal = B2484A852EEC79A2009D604B /* Project object */;
			proxyType = 1;
			remoteGlobalIDString = B2484A8C2EEC79A2009D604B;
			remoteInfo = "GoFit.Ai - live Healthy";
		};
		C10000072F79A007009D604B /* PBXContainerItemProxy */ = {
			isa = PBXContainerItemProxy;
			containerPortal = B2484A852EEC79A2009D604B /* Project object */;
			proxyType = 1;
			remoteGlobalIDString = C10000032F79A003009D604B;
			remoteInfo = GoFitWidget;
		};
/* End PBXContainerItemProxy section */

/* Begin PBXCopyFilesBuildPhase section */
		B2F1DFC62F068105002E1B7B /* Embed Foundation Extensions */ = {
			isa = PBXCopyFilesBuildPhase;
			buildActionMask = 2147483647;
			dstPath = "";
			dstSubfolderSpec = 13;
			files = (
				C10000092F79A009009D604B /* GoFitWidget.appex in Embed Foundation Extensions */,
			);
			name = "Embed Foundation Extensions";
			runOnlyForDeploymentPostprocessing = 0;
		};
/* End PBXCopyFilesBuildPhase section */

/* Begin PBXFileReference section */
		1637FDAE222B7A767655021E /* Pods_GoFit_Ai___live_Healthy.framework */ = {isa = PBXFileReference; explicitFileType = wrapper.framework; includeInIndex = 0; path = "Pods_GoFit_Ai___live_Healthy.framework"; sourceTree = BUILT_PRODUCTS_DIR; };
		24662D7E800095F2CC19C852 /* Pods-GoFit.Ai - live HealthyTests.release.xcconfig */ = {isa = PBXFileReference; includeInIndex = 1; lastKnownFileType = text.xcconfig; name = "Pods-GoFit.Ai - live HealthyTests.release.xcconfig"; path = "Target Support Files/Pods-GoFit.Ai - live HealthyTests/Pods-GoFit.Ai - live HealthyTests.release.xcconfig"; sourceTree = "<group>"; };
		26A0E1D090B39EFAE1839DE7 /* Pods-GoFit.Ai - live HealthyTests.debug.xcconfig */ = {isa = PBXFileReference; includeInIndex = 1; lastKnownFileType = text.xcconfig; name = "Pods-GoFit.Ai - live HealthyTests.debug.xcconfig"; path = "Target Support Files/Pods-GoFit.Ai - live HealthyTests/Pods-GoFit.Ai - live HealthyTests.debug.xcconfig"; sourceTree = "<group>"; };
		93DC8EAD73C875B5A89D5A37 /* Pods-GoFit.Ai - live Healthy.release.xcconfig */ = {isa = PBXFileReference; includeInIndex = 1; lastKnownFileType = text.xcconfig; name = "Pods-GoFit.Ai - live Healthy.release.xcconfig"; path = "Target Support Files/Pods-GoFit.Ai - live Healthy/Pods-GoFit.Ai - live Healthy.release.xcconfig"; sourceTree = "<group>"; };
		B15C5BEEBCEB3C5046E81D7A /* Pods-GoFit.Ai - live Healthy.debug.xcconfig */ = {isa = PBXFileReference; includeInIndex = 1; lastKnownFileType = text.xcconfig; name = "Pods-GoFit.Ai - live Healthy.debug.xcconfig"; path = "Target Support Files/Pods-GoFit.Ai - live Healthy/Pods-GoFit.Ai - live Healthy.debug.xcconfig"; sourceTree = "<group>"; };
		B24022212EED789700CDE033 /* StoreKit.framework */ = {isa = PBXFileReference; lastKnownFileType = wrapper.framework; name = StoreKit.framework; path = System/Library/Frameworks/StoreKit.framework; sourceTree = SDKROOT; };
		B2484A8D2EEC79A2009D604B /* GoFit.Ai - live Healthy.app */ = {isa = PBXFileReference; explicitFileType = wrapper.application; includeInIndex = 0; path = "GoFit.Ai - live Healthy.app"; sourceTree = BUILT_PRODUCTS_DIR; };
		B2484AA12EEC79A7009D604B /* GoFit.Ai - live HealthyTests.xctest */ = {isa = PBXFileReference; explicitFileType = wrapper.cfbundle; includeInIndex = 0; path = "GoFit.Ai - live HealthyTests.xctest"; sourceTree = BUILT_PRODUCTS_DIR; };
		B2484AAB2EEC79A7009D604B /* GoFit.Ai - live HealthyUITests.xctest */ = {isa = PBXFileReference; explicitFileType = wrapper.cfbundle; includeInIndex = 0; path = "GoFit.Ai - live HealthyUITests.xctest"; sourceTree = BUILT_PRODUCTS_DIR; };
		B27DDA162EEF07D70047CE53 /* HealthKit.framework */ = {isa = PBXFileReference; lastKnownFileType = wrapper.framework; name = HealthKit.framework; path = System/Library/Frameworks/HealthKit.framework; sourceTree = SDKROOT; };
		B2F1DFB62F068104002E1B7B /* AuthenticationServices.framework */ = {isa = PBXFileReference; lastKnownFileType = wrapper.framework; name = AuthenticationServices.framework; path = System/Library/Frameworks/AuthenticationServices.framework; sourceTree = SDKROOT; };
		B2F86E432EED7C1E009F03C0 /* WatchConnectivity.framework */ = {isa = PBXFileReference; lastKnownFileType = wrapper.framework; name = WatchConnectivity.framework; path = System/Library/Frameworks/WatchConnectivity.framework; sourceTree = SDKROOT; };
		B93A70F2D733D1F80119B3FB /* Pods-GoFit.Ai - live HealthyUITests.release.xcconfig */ = {isa = PBXFileReference; includeInIndex = 1; lastKnownFileType = text.xcconfig; name = "Pods-GoFit.Ai - live HealthyUITests.release.xcconfig"; path = "Target Support Files/Pods-GoFit.Ai - live HealthyUITests/Pods-GoFit.Ai - live HealthyUITests.release.xcconfig"; sourceTree = "<group>"; };
		C10000012F79A001009D604B /* GoFitWidget.appex */ = {isa = PBXFileReference; explicitFileType = "wrapper.app-extension"; includeInIndex = 0; path = GoFitWidget.appex; sourceTree = BUILT_PRODUCTS_DIR; };
		CC9DF8308AF5BF2C748183B9 /* Pods_GoFit_Ai___live_HealthyUITests.framework */ = {isa = PBXFileReference; explicitFileType = wrapper.framework; includeInIndex = 0; path = "Pods_GoFit_Ai___live_HealthyUITests.framework"; sourceTree = BUILT_PRODUCTS_DIR; };
		DB756AB32525B4A224EFD6E0 /* Pods-GoFit.Ai - live HealthyUITests.debug.xcconfig */ = {isa = PBXFileReference; includeInIndex = 1; lastKnownFileType = text.xcconfig; name = "Pods-GoFit.Ai - live HealthyUITests.debug.xcconfig"; path = "Target Support Files/Pods-GoFit.Ai - live HealthyUITests/Pods-GoFit.Ai - live HealthyUITests.debug.xcconfig"; sourceTree = "<group>"; };
		DD7B91FC6DDD71F5E4601130 /* Pods_GoFit_Ai___live_HealthyTests.framework */ = {isa = PBXFileReference; explicitFileType = wrapper.framework; includeInIndex = 0; path = "Pods_GoFit_Ai___live_HealthyTests.framework"; sourceTree = BUILT_PRODUCTS_DIR; };
/* End PBXFileReference section */

/* Begin PBXFileSystemSynchronizedBuildFileExceptionSet section */
		B2484AB32EEC79A7009D604B /* Exceptions for "GoFit.Ai - live Healthy" folder in "GoFit.Ai - live Healthy" target */ = {
			isa = PBXFileSystemSynchronizedBuildFileExceptionSet;
			membershipExceptions = (
				Info.plist,
			);
			target = B2484A8C2EEC79A2009D604B /* GoFit.Ai - live Healthy */;
		};
		B251BC972F6AE6310071BE5C /* Exceptions for "GoFitWidget" folder in "GoFitWidget" target */ = {
			isa = PBXFileSystemSynchronizedBuildFileExceptionSet;
			membershipExceptions = (
				Info.plist,
			);
			target = C10000032F79A003009D604B /* GoFitWidget */;
		};
/* End PBXFileSystemSynchronizedBuildFileExceptionSet section */

/* Begin PBXFileSystemSynchronizedRootGroup section */
		B2484A8F2EEC79A2009D604B /* GoFit.Ai - live Healthy */ = {
			isa = PBXFileSystemSynchronizedRootGroup;
			exceptions = (
				B2484AB32EEC79A7009D604B /* Exceptions for "GoFit.Ai - live Healthy" folder in "GoFit.Ai - live Healthy" target */,
			);
			path = "GoFit.Ai - live Healthy";
			sourceTree = "<group>";
		};
		B2484AA42EEC79A7009D604B /* GoFit.Ai - live HealthyTests */ = {
			isa = PBXFileSystemSynchronizedRootGroup;
			path = "GoFit.Ai - live HealthyTests";
			sourceTree = "<group>";
		};
		B2484AAE2EEC79A7009D604B /* GoFit.Ai - live HealthyUITests */ = {
			isa = PBXFileSystemSynchronizedRootGroup;
			path = "GoFit.Ai - live HealthyUITests";
			sourceTree = "<group>";
		};
		B2F1DFB82F068104002E1B7B /* gofit */ = {
			isa = PBXFileSystemSynchronizedRootGroup;
			path = gofit;
			sourceTree = "<group>";
		};
		C10000022F79A002009D604B /* GoFitWidget */ = {
			isa = PBXFileSystemSynchronizedRootGroup;
			exceptions = (
				B251BC972F6AE6310071BE5C /* Exceptions for "GoFitWidget" folder in "GoFitWidget" target */,
			);
			path = GoFitWidget;
			sourceTree = "<group>";
		};
/* End PBXFileSystemSynchronizedRootGroup section */

/* Begin PBXFrameworksBuildPhase section */
		B2484A8A2EEC79A2009D604B /* Frameworks */ = {
			isa = PBXFrameworksBuildPhase;
			buildActionMask = 2147483647;
			files = (
				B22104E72F20F582002672E4 /* HealthKit.framework in Frameworks */,
				B22104E42F20F580002672E4 /* StoreKit.framework in Frameworks */,
				B22104E92F20F583002672E4 /* WatchConnectivity.framework in Frameworks */,
				E444B408C4ADFF9499692C35 /* Pods_GoFit_Ai___live_Healthy.framework in Frameworks */,
			);
			runOnlyForDeploymentPostprocessing = 0;
		};
		B2484A9E2EEC79A7009D604B /* Frameworks */ = {
			isa = PBXFrameworksBuildPhase;
			buildActionMask = 2147483647;
			files = (
				8D7C4900ED9B4E774F35F67C /* Pods_GoFit_Ai___live_HealthyTests.framework in Frameworks */,
			);
			runOnlyForDeploymentPostprocessing = 0;
		};
		B2484AA82EEC79A7009D604B /* Frameworks */ = {
			isa = PBXFrameworksBuildPhase;
			buildActionMask = 2147483647;
			files = (
				61296DA877759088C7091D55 /* Pods_GoFit_Ai___live_HealthyUITests.framework in Frameworks */,
			);
			runOnlyForDeploymentPostprocessing = 0;
		};
		C10000052F79A005009D604B /* Frameworks */ = {
			isa = PBXFrameworksBuildPhase;
			buildActionMask = 2147483647;
			files = (
			);
			runOnlyForDeploymentPostprocessing = 0;
		};
/* End PBXFrameworksBuildPhase section */

/* Begin PBXGroup section */
		46C2F688A1F2C2C7732700FE /* Pods */ = {
			isa = PBXGroup;
			children = (
				B15C5BEEBCEB3C5046E81D7A /* Pods-GoFit.Ai - live Healthy.debug.xcconfig */,
				93DC8EAD73C875B5A89D5A37 /* Pods-GoFit.Ai - live Healthy.release.xcconfig */,
				26A0E1D090B39EFAE1839DE7 /* Pods-GoFit.Ai - live HealthyTests.debug.xcconfig */,
				24662D7E800095F2CC19C852 /* Pods-GoFit.Ai - live HealthyTests.release.xcconfig */,
				DB756AB32525B4A224EFD6E0 /* Pods-GoFit.Ai - live HealthyUITests.debug.xcconfig */,
				B93A70F2D733D1F80119B3FB /* Pods-GoFit.Ai - live HealthyUITests.release.xcconfig */,
			);
			path = Pods;
			sourceTree = "<group>";
		};
		B24022202EED789700CDE033 /* Frameworks */ = {
			isa = PBXGroup;
			children = (
				B27DDA162EEF07D70047CE53 /* HealthKit.framework */,
				B2F86E432EED7C1E009F03C0 /* WatchConnectivity.framework */,
				B24022212EED789700CDE033 /* StoreKit.framework */,
				B2F1DFB62F068104002E1B7B /* AuthenticationServices.framework */,
				1637FDAE222B7A767655021E /* Pods_GoFit_Ai___live_Healthy.framework */,
				DD7B91FC6DDD71F5E4601130 /* Pods_GoFit_Ai___live_HealthyTests.framework */,
				CC9DF8308AF5BF2C748183B9 /* Pods_GoFit_Ai___live_HealthyUITests.framework */,
			);
			name = Frameworks;
			sourceTree = "<group>";
		};
		B2484A842EEC79A2009D604B = {
			isa = PBXGroup;
			children = (
				B2484A8F2EEC79A2009D604B /* GoFit.Ai - live Healthy */,
				B2484AA42EEC79A7009D604B /* GoFit.Ai - live HealthyTests */,
				B2484AAE2EEC79A7009D604B /* GoFit.Ai - live HealthyUITests */,
				B2F1DFB82F068104002E1B7B /* gofit */,
				C10000022F79A002009D604B /* GoFitWidget */,
				B24022202EED789700CDE033 /* Frameworks */,
				B2484A8E2EEC79A2009D604B /* Products */,
				46C2F688A1F2C2C7732700FE /* Pods */,
			);
			sourceTree = "<group>";
		};
		B2484A8E2EEC79A2009D604B /* Products */ = {
			isa = PBXGroup;
			children = (
				B2484A8D2EEC79A2009D604B /* GoFit.Ai - live Healthy.app */,
				B2484AA12EEC79A7009D604B /* GoFit.Ai - live HealthyTests.xctest */,
				B2484AAB2EEC79A7009D604B /* GoFit.Ai - live HealthyUITests.xctest */,
				C10000012F79A001009D604B /* GoFitWidget.appex */,
			);
			name = Products;
			sourceTree = "<group>";
		};
/* End PBXGroup section */

/* Begin PBXNativeTarget section */
		B2484A8C2EEC79A2009D604B /* GoFit.Ai - live Healthy */ = {
			isa = PBXNativeTarget;
			buildConfigurationList = B2484AB42EEC79A7009D604B /* Build configuration list for PBXNativeTarget "GoFit.Ai - live Healthy" */;
			buildPhases = (
				2C2237404CDC547B6B026B8C /* [CP] Check Pods Manifest.lock */,
				B2484A892EEC79A2009D604B /* Sources */,
				B2484A8A2EEC79A2009D604B /* Frameworks */,
				B2484A8B2EEC79A2009D604B /* Resources */,
				B2F1DFC62F068105002E1B7B /* Embed Foundation Extensions */,
				B29FB6572F4DB7F700F503E8 /* ShellScript */,
				D4A163F2D9881C9716D99066 /* [CP] Copy Pods Resources */,
			);
			buildRules = (
			);
			dependencies = (
				C10000082F79A008009D604B /* PBXTargetDependency */,
				C10001082F79B008009D604B /* PBXTargetDependency */,
			);
			fileSystemSynchronizedGroups = (
				B2484A8F2EEC79A2009D604B /* GoFit.Ai - live Healthy */,
			);
			name = "GoFit.Ai - live Healthy";
			productName = "GoFit.Ai - live Healthy";
			productReference = B2484A8D2EEC79A2009D604B /* GoFit.Ai - live Healthy.app */;
			productType = "com.apple.product-type.application";
		};
		B2484AA02EEC79A7009D604B /* GoFit.Ai - live HealthyTests */ = {
			isa = PBXNativeTarget;
			buildConfigurationList = B2484AB92EEC79A7009D604B /* Build configuration list for PBXNativeTarget "GoFit.Ai - live HealthyTests" */;
			buildPhases = (
				5267F05B27E6B98CF4E9BA7E /* [CP] Check Pods Manifest.lock */,
				B2484A9D2EEC79A7009D604B /* Sources */,
				B2484A9E2EEC79A7009D604B /* Frameworks */,
				B2484A9F2EEC79A7009D604B /* Resources */,
			);
			buildRules = (
			);
			dependencies = (
				B2484AA32EEC79A7009D604B /* PBXTargetDependency */,
			);
			fileSystemSynchronizedGroups = (
				B2484AA42EEC79A7009D604B /* GoFit.Ai - live HealthyTests */,
			);
			name = "GoFit.Ai - live HealthyTests";
			productName = "GoFit.Ai - live HealthyTests";
			productReference = B2484AA12EEC79A7009D604B /* GoFit.Ai - live HealthyTests.xctest */;
			productType = "com.apple.product-type.bundle.unit-test";
		};
		B2484AAA2EEC79A7009D604B /* GoFit.Ai - live HealthyUITests */ = {
			isa = PBXNativeTarget;
			buildConfigurationList = B2484ABC2EEC79A7009D604B /* Build configuration list for PBXNativeTarget "GoFit.Ai - live HealthyUITests" */;
			buildPhases = (
				D1E14DBD8ED7B8A9A41FC16E /* [CP] Check Pods Manifest.lock */,
				B2484AA72EEC79A7009D604B /* Sources */,
				B2484AA82EEC79A7009D604B /* Frameworks */,
				B2484AA92EEC79A7009D604B /* Resources */,
			);
			buildRules = (
			);
			dependencies = (
				B2484AAD2EEC79A7009D604B /* PBXTargetDependency */,
			);
			fileSystemSynchronizedGroups = (
				B2484AAE2EEC79A7009D604B /* GoFit.Ai - live HealthyUITests */,
			);
			name = "GoFit.Ai - live HealthyUITests";
			productName = "GoFit.Ai - live HealthyUITests";
			productReference = B2484AAB2EEC79A7009D604B /* GoFit.Ai - live HealthyUITests.xctest */;
			productType = "com.apple.product-type.bundle.ui-testing";
		};
		C10000032F79A003009D604B /* GoFitWidget */ = {
			isa = PBXNativeTarget;
			buildConfigurationList = C100000C2F79A00C009D604B /* Build configuration list for PBXNativeTarget "GoFitWidget" */;
			buildPhases = (
				C10000042F79A004009D604B /* Sources */,
				C10000052F79A005009D604B /* Frameworks */,
				C10000062F79A006009D604B /* Resources */,
			);
			buildRules = (
			);
			dependencies = (
			);
			fileSystemSynchronizedGroups = (
				C10000022F79A002009D604B /* GoFitWidget */,
			);
			name = GoFitWidget;
			productName = GoFitWidget;
			productReference = C10000012F79A001009D604B /* GoFitWidget.appex */;
			productType = "com.apple.product-type.app-extension";
		};
/* End PBXNativeTarget section */

/* Begin PBXProject section */
		B2484A852EEC79A2009D604B /* Project object */ = {
			isa = PBXProject;
			attributes = {
				BuildIndependentTargetsInParallel = 1;
				LastSwiftUpdateCheck = 1620;
				LastUpgradeCheck = 1620;
				TargetAttributes = {
					B2484A8C2EEC79A2009D604B = {
						CreatedOnToolsVersion = 16.2;
					};
					B2484AA02EEC79A7009D604B = {
						CreatedOnToolsVersion = 16.2;
						TestTargetID = B2484A8C2EEC79A2009D604B;
					};
					B2484AAA2EEC79A7009D604B = {
						CreatedOnToolsVersion = 16.2;
						TestTargetID = B2484A8C2EEC79A2009D604B;
					};
					C10000032F79A003009D604B = {
						CreatedOnToolsVersion = 16.2;
					};
				};
			};
			buildConfigurationList = B2484A882EEC79A2009D604B /* Build configuration list for PBXProject "GoFit.Ai - live Healthy" */;
			developmentRegion = en;
			hasScannedForEncodings = 0;
			knownRegions = (
				en,
				Base,
			);
			mainGroup = B2484A842EEC79A2009D604B;
			minimizedProjectReferenceProxies = 1;
			preferredProjectObjectVersion = 77;
			productRefGroup = B2484A8E2EEC79A2009D604B /* Products */;
			projectDirPath = "";
			projectRoot = "";
			targets = (
				B2484A8C2EEC79A2009D604B /* GoFit.Ai - live Healthy */,
				B2484AA02EEC79A7009D604B /* GoFit.Ai - live HealthyTests */,
				B2484AAA2EEC79A7009D604B /* GoFit.Ai - live HealthyUITests */,
				C10000032F79A003009D604B /* GoFitWidget */,
			);
		};
/* End PBXProject section */

/* Begin PBXResourcesBuildPhase section */
		B2484A8B2EEC79A2009D604B /* Resources */ = {
			isa = PBXResourcesBuildPhase;
			buildActionMask = 2147483647;
			files = (
			);
			runOnlyForDeploymentPostprocessing = 0;
		};
		B2484A9F2EEC79A7009D604B /* Resources */ = {
			isa = PBXResourcesBuildPhase;
			buildActionMask = 2147483647;
			files = (
			);
			runOnlyForDeploymentPostprocessing = 0;
		};
		B2484AA92EEC79A7009D604B /* Resources */ = {
			isa = PBXResourcesBuildPhase;
			buildActionMask = 2147483647;
			files = (
			);
			runOnlyForDeploymentPostprocessing = 0;
		};
		C10000062F79A006009D604B /* Resources */ = {
			isa = PBXResourcesBuildPhase;
			buildActionMask = 2147483647;
			files = (
			);
			runOnlyForDeploymentPostprocessing = 0;
		};
/* End PBXResourcesBuildPhase section */

/* Begin PBXShellScriptBuildPhase section */
		2C2237404CDC547B6B026B8C /* [CP] Check Pods Manifest.lock */ = {
			isa = PBXShellScriptBuildPhase;
			buildActionMask = 2147483647;
			files = (
			);
			inputFileListPaths = (
			);
			inputPaths = (
				"${PODS_PODFILE_DIR_PATH}/Podfile.lock",
				"${PODS_ROOT}/Manifest.lock",
			);
			name = "[CP] Check Pods Manifest.lock";
			outputFileListPaths = (
			);
			outputPaths = (
				"$(DERIVED_FILE_DIR)/Pods-GoFit.Ai - live Healthy-checkManifestLockResult.txt",
			);
			runOnlyForDeploymentPostprocessing = 0;
			shellPath = /bin/sh;
			shellScript = "diff \"${PODS_PODFILE_DIR_PATH}/Podfile.lock\" \"${PODS_ROOT}/Manifest.lock\" > /dev/null\nif [ $? != 0 ] ; then\n    # print error to STDERR\n    echo \"error: The sandbox is not in sync with the Podfile.lock. Run 'pod install' or update your CocoaPods installation.\" >&2\n    exit 1\nfi\n# This output is used by Xcode 'outputs' to avoid re-running this script phase.\necho \"SUCCESS\" > \"${SCRIPT_OUTPUT_FILE_0}\"\n";
			showEnvVarsInLog = 0;
		};
		5267F05B27E6B98CF4E9BA7E /* [CP] Check Pods Manifest.lock */ = {
			isa = PBXShellScriptBuildPhase;
			buildActionMask = 2147483647;
			files = (
			);
			inputFileListPaths = (
			);
			inputPaths = (
				"${PODS_PODFILE_DIR_PATH}/Podfile.lock",
				"${PODS_ROOT}/Manifest.lock",
			);
			name = "[CP] Check Pods Manifest.lock";
			outputFileListPaths = (
			);
			outputPaths = (
				"$(DERIVED_FILE_DIR)/Pods-GoFit.Ai - live HealthyTests-checkManifestLockResult.txt",
			);
			runOnlyForDeploymentPostprocessing = 0;
			shellPath = /bin/sh;
			shellScript = "diff \"${PODS_PODFILE_DIR_PATH}/Podfile.lock\" \"${PODS_ROOT}/Manifest.lock\" > /dev/null\nif [ $? != 0 ] ; then\n    # print error to STDERR\n    echo \"error: The sandbox is not in sync with the Podfile.lock. Run 'pod install' or update your CocoaPods installation.\" >&2\n    exit 1\nfi\n# This output is used by Xcode 'outputs' to avoid re-running this script phase.\necho \"SUCCESS\" > \"${SCRIPT_OUTPUT_FILE_0}\"\n";
			showEnvVarsInLog = 0;
		};
		B29FB6572F4DB7F700F503E8 /* ShellScript */ = {
			isa = PBXShellScriptBuildPhase;
			buildActionMask = 2147483647;
			files = (
			);
			inputFileListPaths = (
			);
			inputPaths = (
			);
			outputFileListPaths = (
			);
			outputPaths = (
				"$(DWARF_DSYM_FOLDER_PATH)/$(DWARF_DSYM_FILE_NAME)",
			);
			runOnlyForDeploymentPostprocessing = 0;
			shellPath = /bin/sh;
			shellScript = "#!/bin/bash\n# Safe dSYM copy script - only searches known Pods paths\nif [ \"${CONFIGURATION}\" == \"Release\" ]; then\n  echo \"[dSYM] Searching for Google framework dSYMs in Pods...\"\n  PODS_DIR=\"${SRCROOT}/Pods\"\n  for FRAMEWORK_NAME in \"GoogleMobileAds\" \"UserMessagingPlatform\"; do\n    DSYM=$(find \"${PODS_DIR}\" -maxdepth 5 -type d -name \"${FRAMEWORK_NAME}.framework.dSYM\" 2>/dev/null | head -n 1)\n    if [ -n \"${DSYM}\" ] && [ -d \"${DWARF_DSYM_FOLDER_PATH}\" ]; then\n      echo \"[dSYM] Copying ${FRAMEWORK_NAME} dSYM\"\n      cp -r \"${DSYM}\" \"${DWARF_DSYM_FOLDER_PATH}/\" 2>/dev/null || true\n    else\n      echo \"[dSYM] ${FRAMEWORK_NAME} dSYM not found (OK for CocoaPods xcframeworks)\"\n    fi\n  done\n  echo \"[dSYM] Done\"\nfi\nexit 0\n";
		};
		D1E14DBD8ED7B8A9A41FC16E /* [CP] Check Pods Manifest.lock */ = {
			isa = PBXShellScriptBuildPhase;
			buildActionMask = 2147483647;
			files = (
			);
			inputFileListPaths = (
			);
			inputPaths = (
				"${PODS_PODFILE_DIR_PATH}/Podfile.lock",
				"${PODS_ROOT}/Manifest.lock",
			);
			name = "[CP] Check Pods Manifest.lock";
			outputFileListPaths = (
			);
			outputPaths = (
				"$(DERIVED_FILE_DIR)/Pods-GoFit.Ai - live HealthyUITests-checkManifestLockResult.txt",
			);
			runOnlyForDeploymentPostprocessing = 0;
			shellPath = /bin/sh;
			shellScript = "diff \"${PODS_PODFILE_DIR_PATH}/Podfile.lock\" \"${PODS_ROOT}/Manifest.lock\" > /dev/null\nif [ $? != 0 ] ; then\n    # print error to STDERR\n    echo \"error: The sandbox is not in sync with the Podfile.lock. Run 'pod install' or update your CocoaPods installation.\" >&2\n    exit 1\nfi\n# This output is used by Xcode 'outputs' to avoid re-running this script phase.\necho \"SUCCESS\" > \"${SCRIPT_OUTPUT_FILE_0}\"\n";
			showEnvVarsInLog = 0;
		};
		D4A163F2D9881C9716D99066 /* [CP] Copy Pods Resources */ = {
			isa = PBXShellScriptBuildPhase;
			buildActionMask = 2147483647;
			files = (
			);
			inputFileListPaths = (
				"${PODS_ROOT}/Target Support Files/Pods-GoFit.Ai - live Healthy/Pods-GoFit.Ai - live Healthy-resources-${CONFIGURATION}-input-files.xcfilelist",
			);
			name = "[CP] Copy Pods Resources";
			outputFileListPaths = (
				"${PODS_ROOT}/Target Support Files/Pods-GoFit.Ai - live Healthy/Pods-GoFit.Ai - live Healthy-resources-${CONFIGURATION}-output-files.xcfilelist",
			);
			runOnlyForDeploymentPostprocessing = 0;
			shellPath = /bin/sh;
			shellScript = "\"${PODS_ROOT}/Target Support Files/Pods-GoFit.Ai - live Healthy/Pods-GoFit.Ai - live Healthy-resources.sh\"\n";
			showEnvVarsInLog = 0;
		};
/* End PBXShellScriptBuildPhase section */

/* Begin PBXSourcesBuildPhase section */
		B2484A892EEC79A2009D604B /* Sources */ = {
			isa = PBXSourcesBuildPhase;
			buildActionMask = 2147483647;
			files = (
			);
			runOnlyForDeploymentPostprocessing = 0;
		};
		B2484A9D2EEC79A7009D604B /* Sources */ = {
			isa = PBXSourcesBuildPhase;
			buildActionMask = 2147483647;
			files = (
			);
			runOnlyForDeploymentPostprocessing = 0;
		};
		B2484AA72EEC79A7009D604B /* Sources */ = {
			isa = PBXSourcesBuildPhase;
			buildActionMask = 2147483647;
			files = (
			);
			runOnlyForDeploymentPostprocessing = 0;
		};
		C10000042F79A004009D604B /* Sources */ = {
			isa = PBXSourcesBuildPhase;
			buildActionMask = 2147483647;
			files = (
			);
			runOnlyForDeploymentPostprocessing = 0;
		};
/* End PBXSourcesBuildPhase section */

/* Begin PBXTargetDependency section */
		B2484AA32EEC79A7009D604B /* PBXTargetDependency */ = {
			isa = PBXTargetDependency;
			target = B2484A8C2EEC79A2009D604B /* GoFit.Ai - live Healthy */;
			targetProxy = B2484AA22EEC79A7009D604B /* PBXContainerItemProxy */;
		};
		B2484AAD2EEC79A7009D604B /* PBXTargetDependency */ = {
			isa = PBXTargetDependency;
			target = B2484A8C2EEC79A2009D604B /* GoFit.Ai - live Healthy */;
			targetProxy = B2484AAC2EEC79A7009D604B /* PBXContainerItemProxy */;
		};
		C10000082F79A008009D604B /* PBXTargetDependency */ = {
			isa = PBXTargetDependency;
			target = C10000032F79A003009D604B /* GoFitWidget */;
			targetProxy = C10000072F79A007009D604B /* PBXContainerItemProxy */;
		};
		C10001082F79B008009D604B /* PBXTargetDependency */ = {
			isa = PBXTargetDependency;
		};
/* End PBXTargetDependency section */

/* Begin XCBuildConfiguration section */
		B2484AB52EEC79A7009D604B /* Debug */ = {
			isa = XCBuildConfiguration;
			baseConfigurationReference = B15C5BEEBCEB3C5046E81D7A /* Pods-GoFit.Ai - live Healthy.debug.xcconfig */;
			buildSettings = {
				ASSETCATALOG_COMPILER_APPICON_NAME = AppIcon;
				"ASSETCATALOG_COMPILER_APPICON_NAME[sdk=iphoneos*]" = AppIcon;
				ASSETCATALOG_COMPILER_GLOBAL_ACCENT_COLOR_NAME = AccentColor;
				ASSETCATALOG_COMPILER_INCLUDE_ALL_APPICON_ASSETS = YES;
				CODE_SIGN_ENTITLEMENTS = "GoFit.Ai - live Healthy/GoFit_Ai___live_Healthy.entitlements";
				CODE_SIGN_IDENTITY = "Apple Development";
				CODE_SIGN_STYLE = Automatic;
				COPY_PHASE_STRIP = NO;
				CURRENT_PROJECT_VERSION = 1;
				DEVELOPMENT_ASSET_PATHS = "\"GoFit.Ai - live Healthy/Preview Content\"";
				DEVELOPMENT_TEAM = 48TGY734WW;
				ENABLE_PREVIEWS = YES;
				ENABLE_TESTABILITY = NO;
				ENABLE_USER_SCRIPT_SANDBOXING = NO;
				GENERATE_INFOPLIST_FILE = NO;
				INFOPLIST_FILE = "GoFit.Ai - live Healthy/Info.plist";
				INFOPLIST_KEY_CFBundleDisplayName = GoFit.AI;
				INFOPLIST_KEY_LSApplicationCategoryType = "public.app-category.healthcare-fitness";
				INFOPLIST_KEY_UIApplicationSceneManifest_Generation = YES;
				INFOPLIST_KEY_UIApplicationSupportsIndirectInputEvents = YES;
				INFOPLIST_KEY_UILaunchScreen_Generation = YES;
				INFOPLIST_KEY_UISupportedInterfaceOrientations_iPad = "UIInterfaceOrientationPortrait UIInterfaceOrientationPortraitUpsideDown UIInterfaceOrientationLandscapeLeft UIInterfaceOrientationLandscapeRight";
				INFOPLIST_KEY_UISupportedInterfaceOrientations_iPhone = "UIInterfaceOrientationPortrait UIInterfaceOrientationLandscapeLeft UIInterfaceOrientationLandscapeRight";
				INFOPLIST_KEY_WKRunsIndependentlyOfCompanionApp = YES;
				INFOPLIST_KEY_WKWatchOnly = NO;
				IPHONEOS_DEPLOYMENT_TARGET = 18.0;
				"IPHONEOS_DEPLOYMENT_TARGET[sdk=iphoneos*]" = 18.0;
				LD_RUNPATH_SEARCH_PATHS = (
					"$(inherited)",
					"@executable_path/Frameworks",
				);
				MARKETING_VERSION = 1.4.1;
				PRODUCT_BUNDLE_IDENTIFIER = com.rakshit.gofitai;
				PRODUCT_NAME = "$(TARGET_NAME)";
				PROVISIONING_PROFILE_SPECIFIER = "";
				SUPPORTED_PLATFORMS = "iphoneos iphonesimulator";
				SUPPORTS_MACCATALYST = NO;
				SUPPORTS_MAC_DESIGNED_FOR_IPHONE_IPAD = NO;
				SUPPORTS_XR_DESIGNED_FOR_IPHONE_IPAD = NO;
				SWIFT_BRIDGING_HEADER = "GoFit.Ai - live Healthy/GoFit.Ai - live Healthy-Bridging-Header.h";
				SWIFT_EMIT_LOC_STRINGS = YES;
				SWIFT_VERSION = 5.0;
				TARGETED_DEVICE_FAMILY = 1;
			};
			name = Debug;
		};
		B2484AB62EEC79A7009D604B /* Release */ = {
			isa = XCBuildConfiguration;
			baseConfigurationReference = 93DC8EAD73C875B5A89D5A37 /* Pods-GoFit.Ai - live Healthy.release.xcconfig */;
			buildSettings = {
				ASSETCATALOG_COMPILER_APPICON_NAME = AppIcon;
				"ASSETCATALOG_COMPILER_APPICON_NAME[sdk=iphoneos*]" = AppIcon;
				ASSETCATALOG_COMPILER_GLOBAL_ACCENT_COLOR_NAME = AccentColor;
				ASSETCATALOG_COMPILER_INCLUDE_ALL_APPICON_ASSETS = YES;
				CODE_SIGN_ENTITLEMENTS = "GoFit.Ai - live Healthy/GoFit.Ai - live HealthyRelease.entitlements";
				CODE_SIGN_IDENTITY = "Apple Development";
				CODE_SIGN_STYLE = Automatic;
				COPY_PHASE_STRIP = NO;
				CURRENT_PROJECT_VERSION = 1;
				DEVELOPMENT_ASSET_PATHS = "\"GoFit.Ai - live Healthy/Preview Content\"";
				DEVELOPMENT_TEAM = 48TGY734WW;
				ENABLE_PREVIEWS = YES;
				ENABLE_TESTABILITY = NO;
				ENABLE_USER_SCRIPT_SANDBOXING = NO;
				GENERATE_INFOPLIST_FILE = NO;
				INFOPLIST_FILE = "GoFit.Ai - live Healthy/Info.plist";
				INFOPLIST_KEY_CFBundleDisplayName = GoFit.AI;
				INFOPLIST_KEY_LSApplicationCategoryType = "public.app-category.healthcare-fitness";
				INFOPLIST_KEY_UIApplicationSceneManifest_Generation = YES;
				INFOPLIST_KEY_UIApplicationSupportsIndirectInputEvents = YES;
				INFOPLIST_KEY_UILaunchScreen_Generation = YES;
				INFOPLIST_KEY_UISupportedInterfaceOrientations_iPad = "UIInterfaceOrientationPortrait UIInterfaceOrientationPortraitUpsideDown UIInterfaceOrientationLandscapeLeft UIInterfaceOrientationLandscapeRight";
				INFOPLIST_KEY_UISupportedInterfaceOrientations_iPhone = "UIInterfaceOrientationPortrait UIInterfaceOrientationLandscapeLeft UIInterfaceOrientationLandscapeRight";
				INFOPLIST_KEY_WKRunsIndependentlyOfCompanionApp = YES;
				INFOPLIST_KEY_WKWatchOnly = NO;
				IPHONEOS_DEPLOYMENT_TARGET = 18.0;
				"IPHONEOS_DEPLOYMENT_TARGET[sdk=iphoneos*]" = 18.0;
				LD_RUNPATH_SEARCH_PATHS = (
					"$(inherited)",
					"@executable_path/Frameworks",
				);
				MARKETING_VERSION = 1.4.1;
				PRODUCT_BUNDLE_IDENTIFIER = com.rakshit.gofitai;
				PRODUCT_NAME = "$(TARGET_NAME)";
				PROVISIONING_PROFILE_SPECIFIER = "";
				SUPPORTED_PLATFORMS = "iphoneos iphonesimulator";
				SUPPORTS_MACCATALYST = NO;
				SUPPORTS_MAC_DESIGNED_FOR_IPHONE_IPAD = NO;
				SUPPORTS_XR_DESIGNED_FOR_IPHONE_IPAD = NO;
				SWIFT_BRIDGING_HEADER = "GoFit.Ai - live Healthy/GoFit.Ai - live Healthy-Bridging-Header.h";
				SWIFT_EMIT_LOC_STRINGS = YES;
				SWIFT_VERSION = 5.0;
				TARGETED_DEVICE_FAMILY = 1;
			};
			name = Release;
		};
		B2484AB72EEC79A7009D604B /* Debug */ = {
			isa = XCBuildConfiguration;
			buildSettings = {
				ALWAYS_SEARCH_USER_PATHS = NO;
				ASSETCATALOG_COMPILER_GENERATE_SWIFT_ASSET_SYMBOL_EXTENSIONS = YES;
				CLANG_ANALYZER_NONNULL = YES;
				CLANG_ANALYZER_NUMBER_OBJECT_CONVERSION = YES_AGGRESSIVE;
				CLANG_CXX_LANGUAGE_STANDARD = "gnu++20";
				CLANG_ENABLE_MODULES = YES;
				CLANG_ENABLE_OBJC_ARC = YES;
				CLANG_ENABLE_OBJC_WEAK = YES;
				CLANG_WARN_BLOCK_CAPTURE_AUTORELEASING = YES;
				CLANG_WARN_BOOL_CONVERSION = YES;
				CLANG_WARN_COMMA = YES;
				CLANG_WARN_CONSTANT_CONVERSION = YES;
				CLANG_WARN_DEPRECATED_OBJC_IMPLEMENTATIONS = YES;
				CLANG_WARN_DIRECT_OBJC_ISA_USAGE = YES_ERROR;
				CLANG_WARN_DOCUMENTATION_COMMENTS = YES;
				CLANG_WARN_EMPTY_BODY = YES;
				CLANG_WARN_ENUM_CONVERSION = YES;
				CLANG_WARN_INFINITE_RECURSION = YES;
				CLANG_WARN_INT_CONVERSION = YES;
				CLANG_WARN_NON_LITERAL_NULL_CONVERSION = YES;
				CLANG_WARN_OBJC_IMPLICIT_RETAIN_SELF = YES;
				CLANG_WARN_OBJC_LITERAL_CONVERSION = YES;
				CLANG_WARN_OBJC_ROOT_CLASS = YES_ERROR;
				CLANG_WARN_QUOTED_INCLUDE_IN_FRAMEWORK_HEADER = YES;
				CLANG_WARN_RANGE_LOOP_ANALYSIS = YES;
				CLANG_WARN_STRICT_PROTOTYPES = YES;
				CLANG_WARN_SUSPICIOUS_MOVE = YES;
				CLANG_WARN_UNGUARDED_AVAILABILITY = YES_AGGRESSIVE;
				CLANG_WARN_UNREACHABLE_CODE = YES;
				CLANG_WARN__DUPLICATE_METHOD_MATCH = YES;
				COPY_PHASE_STRIP = NO;
				DEBUG_INFORMATION_FORMAT = "dwarf-with-dsym";
				ENABLE_STRICT_OBJC_MSGSEND = YES;
				ENABLE_TESTABILITY = YES;
				ENABLE_USER_SCRIPT_SANDBOXING = YES;
				GCC_C_LANGUAGE_STANDARD = gnu17;
				GCC_DYNAMIC_NO_PIC = NO;
				GCC_GENERATE_DEBUGGING_SYMBOLS = YES;
				GCC_NO_COMMON_BLOCKS = YES;
				GCC_OPTIMIZATION_LEVEL = 0;
				GCC_PREPROCESSOR_DEFINITIONS = (
					"DEBUG=1",
					"$(inherited)",
				);
				GCC_WARN_64_TO_32_BIT_CONVERSION = YES;
				GCC_WARN_ABOUT_RETURN_TYPE = YES_ERROR;
				GCC_WARN_UNDECLARED_SELECTOR = YES;
				GCC_WARN_UNINITIALIZED_AUTOS = YES_AGGRESSIVE;
				GCC_WARN_UNUSED_FUNCTION = YES;
				GCC_WARN_UNUSED_VARIABLE = YES;
				IPHONEOS_DEPLOYMENT_TARGET = 18.2;
				LOCALIZATION_PREFERS_STRING_CATALOGS = YES;
				MTL_ENABLE_DEBUG_INFO = INCLUDE_SOURCE;
				MTL_FAST_MATH = YES;
				ONLY_ACTIVE_ARCH = YES;
				SDKROOT = iphoneos;
				SWIFT_ACTIVE_COMPILATION_CONDITIONS = "DEBUG $(inherited)";
				SWIFT_DEBUG_INFORMATION_FORMAT = dwarf;
				SWIFT_OPTIMIZATION_LEVEL = "-Onone";
			};
			name = Debug;
		};
		B2484AB82EEC79A7009D604B /* Release */ = {
			isa = XCBuildConfiguration;
			buildSettings = {
				ALWAYS_SEARCH_USER_PATHS = NO;
				ASSETCATALOG_COMPILER_GENERATE_SWIFT_ASSET_SYMBOL_EXTENSIONS = YES;
				CLANG_ANALYZER_NONNULL = YES;
				CLANG_ANALYZER_NUMBER_OBJECT_CONVERSION = YES_AGGRESSIVE;
				CLANG_CXX_LANGUAGE_STANDARD = "gnu++20";
				CLANG_ENABLE_MODULES = YES;
				CLANG_ENABLE_OBJC_ARC = YES;
				CLANG_ENABLE_OBJC_WEAK = YES;
				CLANG_WARN_BLOCK_CAPTURE_AUTORELEASING = YES;
				CLANG_WARN_BOOL_CONVERSION = YES;
				CLANG_WARN_COMMA = YES;
				CLANG_WARN_CONSTANT_CONVERSION = YES;
				CLANG_WARN_DEPRECATED_OBJC_IMPLEMENTATIONS = YES;
				CLANG_WARN_DIRECT_OBJC_ISA_USAGE = YES_ERROR;
				CLANG_WARN_DOCUMENTATION_COMMENTS = YES;
				CLANG_WARN_EMPTY_BODY = YES;
				CLANG_WARN_ENUM_CONVERSION = YES;
				CLANG_WARN_INFINITE_RECURSION = YES;
				CLANG_WARN_INT_CONVERSION = YES;
				CLANG_WARN_NON_LITERAL_NULL_CONVERSION = YES;
				CLANG_WARN_OBJC_IMPLICIT_RETAIN_SELF = YES;
				CLANG_WARN_OBJC_LITERAL_CONVERSION = YES;
				CLANG_WARN_OBJC_ROOT_CLASS = YES_ERROR;
				CLANG_WARN_QUOTED_INCLUDE_IN_FRAMEWORK_HEADER = YES;
				CLANG_WARN_RANGE_LOOP_ANALYSIS = YES;
				CLANG_WARN_STRICT_PROTOTYPES = YES;
				CLANG_WARN_SUSPICIOUS_MOVE = YES;
				CLANG_WARN_UNGUARDED_AVAILABILITY = YES_AGGRESSIVE;
				CLANG_WARN_UNREACHABLE_CODE = YES;
				CLANG_WARN__DUPLICATE_METHOD_MATCH = YES;
				COPY_PHASE_STRIP = NO;
				DEBUG_INFORMATION_FORMAT = "dwarf-with-dsym";
				ENABLE_NS_ASSERTIONS = NO;
				ENABLE_STRICT_OBJC_MSGSEND = YES;
				ENABLE_TESTABILITY = YES;
				ENABLE_USER_SCRIPT_SANDBOXING = YES;
				GCC_C_LANGUAGE_STANDARD = gnu17;
				GCC_NO_COMMON_BLOCKS = YES;
				GCC_WARN_64_TO_32_BIT_CONVERSION = YES;
				GCC_WARN_ABOUT_RETURN_TYPE = YES_ERROR;
				GCC_WARN_UNDECLARED_SELECTOR = YES;
				GCC_WARN_UNINITIALIZED_AUTOS = YES_AGGRESSIVE;
				GCC_WARN_UNUSED_FUNCTION = YES;
				GCC_WARN_UNUSED_VARIABLE = YES;
				IPHONEOS_DEPLOYMENT_TARGET = 18.2;
				LOCALIZATION_PREFERS_STRING_CATALOGS = YES;
				MTL_ENABLE_DEBUG_INFO = NO;
				MTL_FAST_MATH = YES;
				SDKROOT = iphoneos;
				SWIFT_COMPILATION_MODE = wholemodule;
				VALIDATE_PRODUCT = YES;
			};
			name = Release;
		};
		B2484ABA2EEC79A7009D604B /* Debug */ = {
			isa = XCBuildConfiguration;
			baseConfigurationReference = 26A0E1D090B39EFAE1839DE7 /* Pods-GoFit.Ai - live HealthyTests.debug.xcconfig */;
			buildSettings = {
				BUNDLE_LOADER = "$(TEST_HOST)";
				CODE_SIGN_STYLE = Automatic;
				CURRENT_PROJECT_VERSION = 1;
				DEVELOPMENT_TEAM = 48TGY734WW;
				GENERATE_INFOPLIST_FILE = YES;
				IPHONEOS_DEPLOYMENT_TARGET = 18.2;
				MARKETING_VERSION = 1.4.0;
				PRODUCT_BUNDLE_IDENTIFIER = com.rakshit.gofitaiTests;
				PRODUCT_NAME = "$(TARGET_NAME)";
				SWIFT_EMIT_LOC_STRINGS = NO;
				SWIFT_VERSION = 5.0;
				TARGETED_DEVICE_FAMILY = 1;
				TEST_HOST = "$(BUILT_PRODUCTS_DIR)/GoFit.Ai - live Healthy.app/$(BUNDLE_EXECUTABLE_FOLDER_PATH)/GoFit.Ai - live Healthy";
			};
			name = Debug;
		};
		B2484ABB2EEC79A7009D604B /* Release */ = {
			isa = XCBuildConfiguration;
			baseConfigurationReference = 24662D7E800095F2CC19C852 /* Pods-GoFit.Ai - live HealthyTests.release.xcconfig */;
			buildSettings = {
				BUNDLE_LOADER = "$(TEST_HOST)";
				CODE_SIGN_STYLE = Automatic;
				CURRENT_PROJECT_VERSION = 1;
				DEVELOPMENT_TEAM = 48TGY734WW;
				GENERATE_INFOPLIST_FILE = YES;
				IPHONEOS_DEPLOYMENT_TARGET = 18.2;
				MARKETING_VERSION = 1.4.0;
				PRODUCT_BUNDLE_IDENTIFIER = com.rakshit.gofitaiTests;
				PRODUCT_NAME = "$(TARGET_NAME)";
				SWIFT_EMIT_LOC_STRINGS = NO;
				SWIFT_VERSION = 5.0;
				TARGETED_DEVICE_FAMILY = 1;
				TEST_HOST = "$(BUILT_PRODUCTS_DIR)/GoFit.Ai - live Healthy.app/$(BUNDLE_EXECUTABLE_FOLDER_PATH)/GoFit.Ai - live Healthy";
			};
			name = Release;
		};
		B2484ABD2EEC79A7009D604B /* Debug */ = {
			isa = XCBuildConfiguration;
			baseConfigurationReference = DB756AB32525B4A224EFD6E0 /* Pods-GoFit.Ai - live HealthyUITests.debug.xcconfig */;
			buildSettings = {
				CODE_SIGN_STYLE = Automatic;
				CURRENT_PROJECT_VERSION = 1;
				DEVELOPMENT_TEAM = 48TGY734WW;
				GENERATE_INFOPLIST_FILE = YES;
				MARKETING_VERSION = 1.4.0;
				PRODUCT_BUNDLE_IDENTIFIER = com.rakshit.gofitaiUITests;
				PRODUCT_NAME = "$(TARGET_NAME)";
				SWIFT_EMIT_LOC_STRINGS = NO;
				SWIFT_VERSION = 5.0;
				TARGETED_DEVICE_FAMILY = 1;
				TEST_TARGET_NAME = "GoFit.Ai - live Healthy";
			};
			name = Debug;
		};
		B2484ABE2EEC79A7009D604B /* Release */ = {
			isa = XCBuildConfiguration;
			baseConfigurationReference = B93A70F2D733D1F80119B3FB /* Pods-GoFit.Ai - live HealthyUITests.release.xcconfig */;
			buildSettings = {
				CODE_SIGN_STYLE = Automatic;
				CURRENT_PROJECT_VERSION = 1;
				DEVELOPMENT_TEAM = 48TGY734WW;
				GENERATE_INFOPLIST_FILE = YES;
				MARKETING_VERSION = 1.4.0;
				PRODUCT_BUNDLE_IDENTIFIER = com.rakshit.gofitaiUITests;
				PRODUCT_NAME = "$(TARGET_NAME)";
				SWIFT_EMIT_LOC_STRINGS = NO;
				SWIFT_VERSION = 5.0;
				TARGETED_DEVICE_FAMILY = 1;
				TEST_TARGET_NAME = "GoFit.Ai - live Healthy";
			};
			name = Release;
		};
		C100000A2F79A00A009D604B /* Debug */ = {
			isa = XCBuildConfiguration;
			buildSettings = {
				ASSETCATALOG_COMPILER_GLOBAL_ACCENT_COLOR_NAME = AccentColor;
				ASSETCATALOG_COMPILER_WIDGET_BACKGROUND_COLOR_NAME = WidgetBackground;
				CODE_SIGN_ENTITLEMENTS = GoFitWidget/GoFitWidget.entitlements;
				CODE_SIGN_STYLE = Automatic;
				CURRENT_PROJECT_VERSION = 1;
				DEVELOPMENT_TEAM = 48TGY734WW;
				ENABLE_ON_DEMAND_RESOURCES = NO;
				GENERATE_INFOPLIST_FILE = NO;
				INFOPLIST_FILE = GoFitWidget/Info.plist;
				IPHONEOS_DEPLOYMENT_TARGET = 18.0;
				LD_RUNPATH_SEARCH_PATHS = (
					"$(inherited)",
					"@executable_path/Frameworks",
					"@executable_path/../../Frameworks",
				);
				MARKETING_VERSION = 1.4.0;
				PRODUCT_BUNDLE_IDENTIFIER = com.rakshit.gofitai.widget;
				PRODUCT_NAME = "$(TARGET_NAME)";
				SKIP_INSTALL = YES;
				SUPPORTED_PLATFORMS = "iphoneos iphonesimulator";
				SUPPORTS_MACCATALYST = NO;
				SWIFT_EMIT_LOC_STRINGS = YES;
				SWIFT_VERSION = 5.0;
				TARGETED_DEVICE_FAMILY = 1;
			};
			name = Debug;
		};
		C100000B2F79A00B009D604B /* Release */ = {
			isa = XCBuildConfiguration;
			buildSettings = {
				ASSETCATALOG_COMPILER_GLOBAL_ACCENT_COLOR_NAME = AccentColor;
				ASSETCATALOG_COMPILER_WIDGET_BACKGROUND_COLOR_NAME = WidgetBackground;
				CODE_SIGN_ENTITLEMENTS = GoFitWidget/GoFitWidget.entitlements;
				CODE_SIGN_STYLE = Automatic;
				CURRENT_PROJECT_VERSION = 1;
				DEVELOPMENT_TEAM = 48TGY734WW;
				ENABLE_ON_DEMAND_RESOURCES = NO;
				GENERATE_INFOPLIST_FILE = NO;
				INFOPLIST_FILE = GoFitWidget/Info.plist;
				IPHONEOS_DEPLOYMENT_TARGET = 18.0;
				LD_RUNPATH_SEARCH_PATHS = (
					"$(inherited)",
					"@executable_path/Frameworks",
					"@executable_path/../../Frameworks",
				);
				MARKETING_VERSION = 1.4.0;
				ONLY_ACTIVE_ARCH = YES;
				PRODUCT_BUNDLE_IDENTIFIER = com.rakshit.gofitai.widget;
				PRODUCT_NAME = "$(TARGET_NAME)";
				SKIP_INSTALL = YES;
				SUPPORTED_PLATFORMS = "iphoneos iphonesimulator";
				SUPPORTS_MACCATALYST = NO;
				SWIFT_EMIT_LOC_STRINGS = YES;
				SWIFT_VERSION = 5.0;
				TARGETED_DEVICE_FAMILY = 1;
			};
			name = Release;
		};
/* End XCBuildConfiguration section */

/* Begin XCConfigurationList section */
		B2484A882EEC79A2009D604B /* Build configuration list for PBXProject "GoFit.Ai - live Healthy" */ = {
			isa = XCConfigurationList;
			buildConfigurations = (
				B2484AB72EEC79A7009D604B /* Debug */,
				B2484AB82EEC79A7009D604B /* Release */,
			);
			defaultConfigurationIsVisible = 0;
			defaultConfigurationName = Release;
		};
		B2484AB42EEC79A7009D604B /* Build configuration list for PBXNativeTarget "GoFit.Ai - live Healthy" */ = {
			isa = XCConfigurationList;
			buildConfigurations = (
				B2484AB52EEC79A7009D604B /* Debug */,
				B2484AB62EEC79A7009D604B /* Release */,
			);
			defaultConfigurationIsVisible = 0;
			defaultConfigurationName = Release;
		};
		B2484AB92EEC79A7009D604B /* Build configuration list for PBXNativeTarget "GoFit.Ai - live HealthyTests" */ = {
			isa = XCConfigurationList;
			buildConfigurations = (
				B2484ABA2EEC79A7009D604B /* Debug */,
				B2484ABB2EEC79A7009D604B /* Release */,
			);
			defaultConfigurationIsVisible = 0;
			defaultConfigurationName = Release;
		};
		B2484ABC2EEC79A7009D604B /* Build configuration list for PBXNativeTarget "GoFit.Ai - live HealthyUITests" */ = {
			isa = XCConfigurationList;
			buildConfigurations = (
				B2484ABD2EEC79A7009D604B /* Debug */,
				B2484ABE2EEC79A7009D604B /* Release */,
			);
			defaultConfigurationIsVisible = 0;
			defaultConfigurationName = Release;
		};
		C100000C2F79A00C009D604B /* Build configuration list for PBXNativeTarget "GoFitWidget" */ = {
			isa = XCConfigurationList;
			buildConfigurations = (
				C100000A2F79A00A009D604B /* Debug */,
				C100000B2F79A00B009D604B /* Release */,
			);
			defaultConfigurationIsVisible = 0;
			defaultConfigurationName = Release;
		};
/* End XCConfigurationList section */
	};
	rootObject = B2484A852EEC79A2009D604B /* Project object */;
}
